
Microsoft Visual Studio Solution File, Format Version 12.00
# Visual Studio Version 16
VisualStudioVersion = 16.0.29009.5
MinimumVisualStudioVersion = 10.0.40219.1
Project("{FAE04EC0-301F-11D3-BF4B-00C04F79EFBC}") = "sistemaVendas", "sistemaVendas\sistemaVendas.csproj", "{A39D8B0D-63B5-4D4A-8089-0E48B4C4D328}"
EndProject
Global
	GlobalSection(SolutionConfigurationPlatforms) = preSolution
		Debug|Any CPU = Debug|Any CPU
		Release|Any CPU = Release|Any CPU
	EndGlobalSection
	GlobalSection(ProjectConfigurationPlatforms) = postSolution
		{A39D8B0D-63B5-4D4A-8089-0E48B4C4D328}.Debug|Any CPU.ActiveCfg = Debug|Any CPU
		{A39D8B0D-63B5-4D4A-8089-0E48B4C4D328}.Debug|Any CPU.Build.0 = Debug|Any CPU
		{A39D8B0D-63B5-4D4A-8089-0E48B4C4D328}.Release|Any CPU.ActiveCfg = Release|Any CPU
		{A39D8B0D-63B5-4D4A-8089-0E48B4C4D328}.Release|Any CPU.Build.0 = Release|Any CPU
	EndGlobalSection
	GlobalSection(SolutionProperties) = preSolution
		HideSolutionNode = FALSE
	EndGlobalSection
	GlobalSection(ExtensibilityGlobals) = postSolution
		SolutionGuid = {1785CF6D-003D-4BE8-AACD-B06A05F71CBF}
	EndGlobalSection
EndGlobal
